// !$*UTF8*$!
{
	archiveVersion = 1;
	classes = {
	};
	objectVersion = 46;
	objects = {

/* Begin PBXBuildFile section */
		72CB38B31B291FF700470422 /* AppDelegate.swift in Sources */ = {isa = PBXBuildFile; fileRef = 72CB38B21B291FF700470422 /* AppDelegate.swift */; };
		72CB38B51B291FF700470422 /* ViewController.swift in Sources */ = {isa = PBXBuildFile; fileRef = 72CB38B41B291FF700470422 /* ViewController.swift */; };
		72CB38B81B291FF700470422 /* Main.storyboard in Resources */ = {isa = PBXBuildFile; fileRef = 72CB38B61B291FF700470422 /* Main.storyboard */; };
		72CB38BA1B291FF700470422 /* Images.xcassets in Resources */ = {isa = PBXBuildFile; fileRef = 72CB38B91B291FF700470422 /* Images.xcassets */; };
		72CB38BD1B291FF700470422 /* LaunchScreen.xib in Resources */ = {isa = PBXBuildFile; fileRef = 72CB38BB1B291FF700470422 /* LaunchScreen.xib */; };
		72CB38C91B291FF700470422 /* BLESensorsTests.swift in Sources */ = {isa = PBXBuildFile; fileRef = 72CB38C81B291FF700470422 /* BLESensorsTests.swift */; };
/* End PBXBuildFile section */

/* Begin PBXContainerItemProxy section */
		72CB38C31B291FF700470422 /* PBXContainerItemProxy */ = {
			isa = PBXContainerItemProxy;
			containerPortal = 72CB38A51B291FF700470422 /* Project object */;
			proxyType = 1;
			remoteGlobalIDString = 72CB38AC1B291FF700470422;
			remoteInfo = BLESensors;
		};
/* End PBXContainerItemProxy section */

/* Begin PBXFileReference section */
		72CB38AD1B291FF700470422 /* BLESensors.app */ = {isa = PBXFileReference; explicitFileType = wrapper.application; includeInIndex = 0; path = BLESensors.app; sourceTree = BUILT_PRODUCTS_DIR; };
		72CB38B11B291FF700470422 /* Info.plist */ = {isa = PBXFileReference; lastKnownFileType = text.plist.xml; path = Info.plist; sourceTree = "<group>"; };
		72CB38B21B291FF700470422 /* AppDelegate.swift */ = {isa = PBXFileReference; lastKnownFileType = sourcecode.swift; path = AppDelegate.swift; sourceTree = "<group>"; };
		72CB38B41B291FF700470422 /* ViewController.swift */ = {isa = PBXFileReference; lastKnownFileType = sourcecode.swift; path = ViewController.swift; sourceTree = "<group>"; };
		72CB38B71B291FF700470422 /* Base */ = {isa = PBXFileReference; lastKnownFileType = file.storyboard; name = Base; path = Base.lproj/Main.storyboard; sourceTree = "<group>"; };
		72CB38B91B291FF700470422 /* Images.xcassets */ = {isa = PBXFileReference; lastKnownFileType = folder.assetcatalog; path = Images.xcassets; sourceTree = "<group>"; };
		72CB38BC1B291FF700470422 /* Base */ = {isa = PBXFileReference; lastKnownFileType = file.xib; name = Base; path = Base.lproj/LaunchScreen.xib; sourceTree = "<group>"; };
		72CB38C21B291FF700470422 /* BLESensorsTests.xctest */ = {isa = PBXFileReference; explicitFileType = wrapper.cfbundle; includeInIndex = 0; path = BLESensorsTests.xctest; sourceTree = BUILT_PRODUCTS_DIR; };
		72CB38C71B291FF700470422 /* Info.plist */ = {isa = PBXFileReference; lastKnownFileType = text.plist.xml; path = Info.plist; sourceTree = "<group>"; };
		72CB38C81B291FF700470422 /* BLESensorsTests.swift */ = {isa = PBXFileReference; lastKnownFileType = sourcecode.swift; path = BLESensorsTests.swift; sourceTree = "<group>"; };
/* End PBXFileReference section */

/* Begin PBXFrameworksBuildPhase section */
		72CB38AA1B291FF700470422 /* Frameworks */ = {
			isa = PBXFrameworksBuildPhase;
			buildActionMask = 2147483647;
			files = (
			);
			runOnlyForDeploymentPostprocessing = 0;
		};
		72CB38BF1B291FF700470422 /* Frameworks */ = {
			isa = PBXFrameworksBuildPhase;
			buildActionMask = 2147483647;
			files = (
			);
			runOnlyForDeploymentPostprocessing = 0;
		};
/* End PBXFrameworksBuildPhase section */

/* Begin PBXGroup section */
		72CB38A41B291FF700470422 = {
			isa = PBXGroup;
			children = (
				72CB38AF1B291FF700470422 /* BLESensors */,
				72CB38C51B291FF700470422 /* BLESensorsTests */,
				72CB38AE1B291FF700470422 /* Products */,
			);
			sourceTree = "<group>";
		};
		72CB38AE1B291FF700470422 /* Products */ = {
			isa = PBXGroup;
			children = (
				72CB38AD1B291FF700470422 /* BLESensors.app */,
				72CB38C21B291FF700470422 /* BLESensorsTests.xctest */,
			);
			name = Products;
			sourceTree = "<group>";
		};
		72CB38AF1B291FF700470422 /* BLESensors */ = {
			isa = PBXGroup;
			children = (
				72CB38B21B291FF700470422 /* AppDelegate.swift */,
				72CB38B41B291FF700470422 /* ViewController.swift */,
				72CB38B61B291FF700470422 /* Main.storyboard */,
				72CB38B91B291FF700470422 /* Images.xcassets */,
				72CB38BB1B291FF700470422 /* LaunchScreen.xib */,
				72CB38B01B291FF700470422 /* Supporting Files */,
			);
			path = BLESensors;
			sourceTree = "<group>";
		};
		72CB38B01B291FF700470422 /* Supporting Files */ = {
			isa = PBXGroup;
			children = (
				72CB38B11B291FF700470422 /* Info.plist */,
			);
			name = "Supporting Files";
			sourceTree = "<group>";
		};
		72CB38C51B291FF700470422 /* BLESensorsTests */ = {
			isa = PBXGroup;
			children = (
				72CB38C81B291FF700470422 /* BLESensorsTests.swift */,
				72CB38C61B291FF700470422 /* Supporting Files */,
			);
			path = BLESensorsTests;
			sourceTree = "<group>";
		};
		72CB38C61B291FF700470422 /* Supporting Files */ = {
			isa = PBXGroup;
			children = (
				72CB38C71B291FF700470422 /* Info.plist */,
			);
			name = "Supporting Files";
			sourceTree = "<group>";
		};
/* End PBXGroup section */

/* Begin PBXNativeTarget section */
		72CB38AC1B291FF700470422 /* BLESensors */ = {
			isa = PBXNativeTarget;
			buildConfigurationList = 72CB38CC1B291FF700470422 /* Build configuration list for PBXNativeTarget "BLESensors" */;
			buildPhases = (
				72CB38A91B291FF700470422 /* Sources */,
				72CB38AA1B291FF700470422 /* Frameworks */,
				72CB38AB1B291FF700470422 /* Resources */,
			);
			buildRules = (
			);
			dependencies = (
			);
			name = BLESensors;
			productName = BLESensors;
			productReference = 72CB38AD1B291FF700470422 /* BLESensors.app */;
			productType = "com.apple.product-type.application";
		};
		72CB38C11B291FF700470422 /* BLESensorsTests */ = {
			isa = PBXNativeTarget;
			buildConfigurationList = 72CB38CF1B291FF700470422 /* Build configuration list for PBXNativeTarget "BLESensorsTests" */;
			buildPhases = (
				72CB38BE1B291FF700470422 /* Sources */,
				72CB38BF1B291FF700470422 /* Frameworks */,
				72CB38C01B291FF700470422 /* Resources */,
			);
			buildRules = (
			);
			dependencies = (
				72CB38C41B291FF700470422 /* PBXTargetDependency */,
			);
			name = BLESensorsTests;
			productName = BLESensorsTests;
			productReference = 72CB38C21B291FF700470422 /* BLESensorsTests.xctest */;
			productType = "com.apple.product-type.bundle.unit-test";
		};
/* End PBXNativeTarget section */

/* Begin PBXProject section */
		72CB38A51B291FF700470422 /* Project object */ = {
			isa = PBXProject;
			attributes = {
				LastUpgradeCheck = 0630;
				ORGANIZATIONNAME = "Alex Yee";
				TargetAttributes = {
					72CB38AC1B291FF700470422 = {
						CreatedOnToolsVersion = 6.3.2;
					};
					72CB38C11B291FF700470422 = {
						CreatedOnToolsVersion = 6.3.2;
						TestTargetID = 72CB38AC1B291FF700470422;
					};
				};
			};
			buildConfigurationList = 72CB38A81B291FF700470422 /* Build configuration list for PBXProject "BLESensors" */;
			compatibilityVersion = "Xcode 3.2";
			developmentRegion = English;
			hasScannedForEncodings = 0;
			knownRegions = (
				en,
				Base,
			);
			mainGroup = 72CB38A41B291FF700470422;
			productRefGroup = 72CB38AE1B291FF700470422 /* Products */;
			projectDirPath = "";
			projectRoot = "";
			targets = (
				72CB38AC1B291FF700470422 /* BLESensors */,
				72CB38C11B291FF700470422 /* BLESensorsTests */,
			);
		};
/* End PBXProject section */

/* Begin PBXResourcesBuildPhase section */
		72CB38AB1B291FF700470422 /* Resources */ = {
			isa = PBXResourcesBuildPhase;
			buildActionMask = 2147483647;
			files = (
				72CB38B81B291FF700470422 /* Main.storyboard in Resources */,
				72CB38BD1B291FF700470422 /* LaunchScreen.xib in Resources */,
				72CB38BA1B291FF700470422 /* Images.xcassets in Resources */,
			);
			runOnlyForDeploymentPostprocessing = 0;
		};
		72CB38C01B291FF700470422 /* Resources */ = {
			isa = PBXResourcesBuildPhase;
			buildActionMask = 2147483647;
			files = (
			);
			runOnlyForDeploymentPostprocessing = 0;
		};
/* End PBXResourcesBuildPhase section */

/* Begin PBXSourcesBuildPhase section */
		72CB38A91B291FF700470422 /* Sources */ = {
			isa = PBXSourcesBuildPhase;
			buildActionMask = 2147483647;
			files = (
				72CB38B51B291FF700470422 /* ViewController.swift in Sources */,
				72CB38B31B291FF700470422 /* AppDelegate.swift in Sources */,
			);
			runOnlyForDeploymentPostprocessing = 0;
		};
		72CB38BE1B291FF700470422 /* Sources */ = {
			isa = PBXSourcesBuildPhase;
			buildActionMask = 2147483647;
			files = (
				72CB38C91B291FF700470422 /* BLESensorsTests.swift in Sources */,
			);
			runOnlyForDeploymentPostprocessing = 0;
		};
/* End PBXSourcesBuildPhase section */

/* Begin PBXTargetDependency section */
		72CB38C41B291FF700470422 /* PBXTargetDependency */ = {
			isa = PBXTargetDependency;
			target = 72CB38AC1B291FF700470422 /* BLESensors */;
			targetProxy = 72CB38C31B291FF700470422 /* PBXContainerItemProxy */;
		};
/* End PBXTargetDependency section */

/* Begin PBXVariantGroup section */
		72CB38B61B291FF700470422 /* Main.storyboard */ = {
			isa = PBXVariantGroup;
			children = (
				72CB38B71B291FF700470422 /* Base */,
			);
			name = Main.storyboard;
			sourceTree = "<group>";
		};
		72CB38BB1B291FF700470422 /* LaunchScreen.xib */ = {
			isa = PBXVariantGroup;
			children = (
				72CB38BC1B291FF700470422 /* Base */,
			);
			name = LaunchScreen.xib;
			sourceTree = "<group>";
		};
/* End PBXVariantGroup section */

/* Begin XCBuildConfiguration section */
		72CB38CA1B291FF700470422 /* Debug */ = {
			isa = XCBuildConfiguration;
			buildSettings = {
				ALWAYS_SEARCH_USER_PATHS = NO;
				CLANG_CXX_LANGUAGE_STANDARD = "gnu++0x";
				CLANG_CXX_LIBRARY = "libc++";
				CLANG_ENABLE_MODULES = YES;
				CLANG_ENABLE_OBJC_ARC = YES;
				CLANG_WARN_BOOL_CONVERSION = YES;
				CLANG_WARN_CONSTANT_CONVERSION = YES;
				CLANG_WARN_DIRECT_OBJC_ISA_USAGE = YES_ERROR;
				CLANG_WARN_EMPTY_BODY = YES;
				CLANG_WARN_ENUM_CONVERSION = YES;
				CLANG_WARN_INT_CONVERSION = YES;
				CLANG_WARN_OBJC_ROOT_CLASS = YES_ERROR;
				CLANG_WARN_UNREACHABLE_CODE = YES;
				CLANG_WARN__DUPLICATE_METHOD_MATCH = YES;
				"CODE_SIGN_IDENTITY[sdk=iphoneos*]" = "iPhone Developer";
				COPY_PHASE_STRIP = NO;
				DEBUG_INFORMATION_FORMAT = "dwarf-with-dsym";
				ENABLE_STRICT_OBJC_MSGSEND = YES;
				GCC_C_LANGUAGE_STANDARD = gnu99;
				GCC_DYNAMIC_NO_PIC = NO;
				GCC_NO_COMMON_BLOCKS = YES;
				GCC_OPTIMIZATION_LEVEL = 0;
				GCC_PREPROCESSOR_DEFINITIONS = (
					"DEBUG=1",
					"$(inherited)",
				);
				GCC_SYMBOLS_PRIVATE_EXTERN = NO;
				GCC_WARN_64_TO_32_BIT_CONVERSION = YES;
				GCC_WARN_ABOUT_RETURN_TYPE = YES_ERROR;
				GCC_WARN_UNDECLARED_SELECTOR = YES;
				GCC_WARN_UNINITIALIZED_AUTOS = YES_AGGRESSIVE;
				GCC_WARN_UNUSED_FUNCTION = YES;
				GCC_WARN_UNUSED_VARIABLE = YES;
				IPHONEOS_DEPLOYMENT_TARGET = 8.3;
				MTL_ENABLE_DEBUG_INFO = YES;
				ONLY_ACTIVE_ARCH = YES;
				SDKROOT = iphoneos;
				SWIFT_OPTIMIZATION_LEVEL = "-Onone";
				TARGETED_DEVICE_FAMILY = "1,2";
			};
			name = Debug;
		};
		72CB38CB1B291FF700470422 /* Release */ = {
			isa = XCBuildConfiguration;
			buildSettings = {
				ALWAYS_SEARCH_USER_PATHS = NO;
				CLANG_CXX_LANGUAGE_STANDARD = "gnu++0x";
				CLANG_CXX_LIBRARY = "libc++";
				CLANG_ENABLE_MODULES = YES;
				CLANG_ENABLE_OBJC_ARC = YES;
				CLANG_WARN_BOOL_CONVERSION = YES;
				CLANG_WARN_CONSTANT_CONVERSION = YES;
				CLANG_WARN_DIRECT_OBJC_ISA_USAGE = YES_ERROR;
				CLANG_WARN_EMPTY_BODY = YES;
				CLANG_WARN_ENUM_CONVERSION = YES;
				CLANG_WARN_INT_CONVERSION = YES;
				CLANG_WARN_OBJC_ROOT_CLASS = YES_ERROR;
				CLANG_WARN_UNREACHABLE_CODE = YES;
				CLANG_WARN__DUPLICATE_METHOD_MATCH = YES;
				"CODE_SIGN_IDENTITY[sdk=iphoneos*]" = "iPhone Developer";
				COPY_PHASE_STRIP = NO;
				DEBUG_INFORMATION_FORMAT = "dwarf-with-dsym";
				ENABLE_NS_ASSERTIONS = NO;
				ENABLE_STRICT_OBJC_MSGSEND = YES;
				GCC_C_LANGUAGE_STANDARD = gnu99;
				GCC_NO_COMMON_BLOCKS = YES;
				GCC_WARN_64_TO_32_BIT_CONVERSION = YES;
				GCC_WARN_ABOUT_RETURN_TYPE = YES_ERROR;
				GCC_WARN_UNDECLARED_SELECTOR = YES;
				GCC_WARN_UNINITIALIZED_AUTOS = YES_AGGRESSIVE;
				GCC_WARN_UNUSED_FUNCTION = YES;
				GCC_WARN_UNUSED_VARIABLE = YES;
				IPHONEOS_DEPLOYMENT_TARGET = 8.3;
				MTL_ENABLE_DEBUG_INFO = NO;
				SDKROOT = iphoneos;
				TARGETED_DEVICE_FAMILY = "1,2";
				VALIDATE_PRODUCT = YES;
			};
			name = Release;
		};
		72CB38CD1B291FF700470422 /* Debug */ = {
			isa = XCBuildConfiguration;
			buildSettings = {
				ASSETCATALOG_COMPILER_APPICON_NAME = AppIcon;
				INFOPLIST_FILE = BLESensors/Info.plist;
				LD_RUNPATH_SEARCH_PATHS = "$(inherited) @executable_path/Frameworks";
				PRODUCT_NAME = "$(TARGET_NAME)";
			};
			name = Debug;
		};
		72CB38CE1B291FF700470422 /* Release */ = {
			isa = XCBuildConfiguration;
			buildSettings = {
				ASSETCATALOG_COMPILER_APPICON_NAME = AppIcon;
				INFOPLIST_FILE = BLESensors/Info.plist;
				LD_RUNPATH_SEARCH_PATHS = "$(inherited) @executable_path/Frameworks";
				PRODUCT_NAME = "$(TARGET_NAME)";
			};
			name = Release;
		};
		72CB38D01B291FF700470422 /* Debug */ = {
			isa = XCBuildConfiguration;
			buildSettings = {
				BUNDLE_LOADER = "$(TEST_HOST)";
				FRAMEWORK_SEARCH_PATHS = (
					"$(SDKROOT)/Developer/Library/Frameworks",
					"$(inherited)",
				);
				GCC_PREPROCESSOR_DEFINITIONS = (
					"DEBUG=1",
					"$(inherited)",
				);
				INFOPLIST_FILE = BLESensorsTests/Info.plist;
				LD_RUNPATH_SEARCH_PATHS = "$(inherited) @executable_path/Frameworks @loader_path/Frameworks";
				PRODUCT_NAME = "$(TARGET_NAME)";
				TEST_HOST = "$(BUILT_PRODUCTS_DIR)/BLESensors.app/BLESensors";
			};
			name = Debug;
		};
		72CB38D11B291FF700470422 /* Release */ = {
			isa = XCBuildConfiguration;
			buildSettings = {
				BUNDLE_LOADER = "$(TEST_HOST)";
				FRAMEWORK_SEARCH_PATHS = (
					"$(SDKROOT)/Developer/Library/Frameworks",
					"$(inherited)",
				);
				INFOPLIST_FILE = BLESensorsTests/Info.plist;
				LD_RUNPATH_SEARCH_PATHS = "$(inherited) @executable_path/Frameworks @loader_path/Frameworks";
				PRODUCT_NAME = "$(TARGET_NAME)";
				TEST_HOST = "$(BUILT_PRODUCTS_DIR)/BLESensors.app/BLESensors";
			};
			name = Release;
		};
/* End XCBuildConfiguration section */

/* Begin XCConfigurationList section */
		72CB38A81B291FF700470422 /* Build configuration list for PBXProject "BLESensors" */ = {
			isa = XCConfigurationList;
			buildConfigurations = (
				72CB38CA1B291FF700470422 /* Debug */,
				72CB38CB1B291FF700470422 /* Release */,
			);
			defaultConfigurationIsVisible = 0;
			defaultConfigurationName = Release;
		};
		72CB38CC1B291FF700470422 /* Build configuration list for PBXNativeTarget "BLESensors" */ = {
			isa = XCConfigurationList;
			buildConfigurations = (
				72CB38CD1B291FF700470422 /* Debug */,
				72CB38CE1B291FF700470422 /* Release */,
			);
			defaultConfigurationIsVisible = 0;
		};
		72CB38CF1B291FF700470422 /* Build configuration list for PBXNativeTarget "BLESensorsTests" */ = {
			isa = XCConfigurationList;
			buildConfigurations = (
				72CB38D01B291FF700470422 /* Debug */,
				72CB38D11B291FF700470422 /* Release */,
			);
			defaultConfigurationIsVisible = 0;
		};
/* End XCConfigurationList section */
	};
	rootObject = 72CB38A51B291FF700470422 /* Project object */;
}
